
Microsoft Visual Studio Solution File, Format Version 12.00
# Visual Studio Version 16
VisualStudioVersion = 16.0.32602.291
MinimumVisualStudioVersion = 10.0.40219.1
Project("{9A19103F-16F7-4668-BE54-9A1E7A4F7556}") = "DelegatesHelper", "DelegatesHelper\DelegatesHelper.csproj", "{0280F27A-86D4-47E0-A1F0-15CB97E56CFF}"
EndProject
Project("{FAE04EC0-301F-11D3-BF4B-00C04F79EFBC}") = "ConsoleApp1", "ConsoleApp1\ConsoleApp1.csproj", "{B6217F07-D69F-4E95-A8B6-FD8CDC2F03C4}"
EndProject
Global
	GlobalSection(SolutionConfigurationPlatforms) = preSolution
		Debug|Any CPU = Debug|Any CPU
		Release|Any CPU = Release|Any CPU
	EndGlobalSection
	GlobalSection(ProjectConfigurationPlatforms) = postSolution
		{0280F27A-86D4-47E0-A1F0-15CB97E56CFF}.Debug|Any CPU.ActiveCfg = Debug|Any CPU
		{0280F27A-86D4-47E0-A1F0-15CB97E56CFF}.Debug|Any CPU.Build.0 = Debug|Any CPU
		{0280F27A-86D4-47E0-A1F0-15CB97E56CFF}.Release|Any CPU.ActiveCfg = Release|Any CPU
		{0280F27A-86D4-47E0-A1F0-15CB97E56CFF}.Release|Any CPU.Build.0 = Release|Any CPU
		{B6217F07-D69F-4E95-A8B6-FD8CDC2F03C4}.Debug|Any CPU.ActiveCfg = Debug|Any CPU
		{B6217F07-D69F-4E95-A8B6-FD8CDC2F03C4}.Debug|Any CPU.Build.0 = Debug|Any CPU
		{B6217F07-D69F-4E95-A8B6-FD8CDC2F03C4}.Release|Any CPU.ActiveCfg = Release|Any CPU
		{B6217F07-D69F-4E95-A8B6-FD8CDC2F03C4}.Release|Any CPU.Build.0 = Release|Any CPU
	EndGlobalSection
	GlobalSection(SolutionProperties) = preSolution
		HideSolutionNode = FALSE
	EndGlobalSection
	GlobalSection(ExtensibilityGlobals) = postSolution
		SolutionGuid = {BB807DE6-34B5-4BCD-9BB2-8E6F1BD28A32}
	EndGlobalSection
EndGlobal
